github.com/elluvium/currency-notifier v0.0.0-20190327161701-fd38f51d07ab h1:0LFqhi68mKvrfwq2NtlU2PhAzytRBoYO0ecdApI98eI=
github.com/elluvium/currency-notifier v0.0.0-20190327161701-fd38f51d07ab/go.mod h1:BiLQR5x1CIL9Z3r3z6K/ILSw0UspYFcciR76y+zzN1Y=
github.com/go-resty/resty/v2 v2.2.0 h1:vgZ1cdblp8Aw4jZj3ZsKh6yKAlMg3CHMrqFSFFd+jgY=
github.com/go-resty/resty/v2 v2.2.0/go.mod h1:nYW/8rxqQCmI3bPz9Fsmjbr2FBjGuR2Mzt6kDh3zZ7w=
github.com/go-telegram-bot-api/telegram-bot-api v1.0.1-0.20200319042609-5e339ed016b0 h1:MMufjch8yWKRo67mc+HdMseaUlF1UAwngldBRB/lgAs=
github.com/go-telegram-bot-api/telegram-bot-api v1.0.1-0.20200319042609-5e339ed016b0/go.mod h1:lDm2E64X4OjFdBUA4hlN4mEvbSitvhJdKw7rsA8KHgI=
github.com/technoweenie/multipartstreamer v1.0.1 h1:XRztA5MXiR1TIRHxH2uNxXxaIkKQDeX7m2XsSOlQEnM=
github.com/technoweenie/multipartstreamer v1.0.1/go.mod h1:jNVxdtShOxzAsukZwTSw6MDx5eUJoiEBsSvzDU9uzog=
golang.org/x/crypto v0.0.0-20190308221718-c2843e01d9a2/go.mod h1:djNgcEr1/C05ACkg1iLfiJU5Ep61QUkGW8qpdssI0+w=
golang.org/x/net v0.0.0-20181220203305-927f97764cc3 h1:eH6Eip3UpmR+yM/qI9Ijluzb1bNv/cAU/n+6l8tRSis=
golang.org/x/net v0.0.0-20181220203305-927f97764cc3/go.mod h1:mL1N/T3taQHkDXs73rZJwtUhF3w3ftmwwsq0BUmARs4=
golang.org/x/net v0.0.0-20200222125558-5a598a2470a0 h1:MsuvTghUPjX762sGLnGsxC3HM0B5r83wEtYcYR8/vRs=
golang.org/x/net v0.0.0-20200222125558-5a598a2470a0/go.mod h1:z5CRVTTTmAJ677TzLLGU+0bjPO0LkuOLi4/5GtJWs/s=
golang.org/x/sys v0.0.0-20190215142949-d0b11bdaac8a/go.mod h1:STP8DvDyc/dI5b8T5hshtkjS+E42TnysNCUPdjciGhY=
golang.org/x/text v0.3.0/go.mod h1:NqM8EUOU14njkJ3fqMW+pc6Ldnwhi/IjpwHt7yyuwOQ=
gopkg.in/resty.v1 v1.12.0 h1:CuXP0Pjfw9rOuY6EP+UvtNvt5DSqHpIxILZKT/quCZI=
gopkg.in/resty.v1 v1.12.0/go.mod h1:mDo4pnntr5jdWRML875a/NmxYqAlA73dVijT2AXvQQo=
